
Microsoft Visual Studio Solution File, Format Version 12.00
# Visual Studio Version 16
VisualStudioVersion = 16.0.30309.148
MinimumVisualStudioVersion = 10.0.40219.1
Project("{FAE04EC0-301F-11D3-BF4B-00C04F79EFBC}") = "Ejercicio1", "Ejercicio1.csproj", "{1264BE29-1CB8-41F1-87AB-46A13CCC8B61}"
EndProject
Global
	GlobalSection(SolutionConfigurationPlatforms) = preSolution
		Debug|Any CPU = Debug|Any CPU
		Release|Any CPU = Release|Any CPU
	EndGlobalSection
	GlobalSection(ProjectConfigurationPlatforms) = postSolution
		{1264BE29-1CB8-41F1-87AB-46A13CCC8B61}.Debug|Any CPU.ActiveCfg = Debug|Any CPU
		{1264BE29-1CB8-41F1-87AB-46A13CCC8B61}.Debug|Any CPU.Build.0 = Debug|Any CPU
		{1264BE29-1CB8-41F1-87AB-46A13CCC8B61}.Release|Any CPU.ActiveCfg = Release|Any CPU
		{1264BE29-1CB8-41F1-87AB-46A13CCC8B61}.Release|Any CPU.Build.0 = Release|Any CPU
	EndGlobalSection
	GlobalSection(SolutionProperties) = preSolution
		HideSolutionNode = FALSE
	EndGlobalSection
	GlobalSection(ExtensibilityGlobals) = postSolution
		SolutionGuid = {B2646197-3EB5-4B01-9BE2-2672C21D5A28}
	EndGlobalSection
EndGlobal
